
Microsoft Visual Studio Solution File, Format Version 12.00
# Visual Studio Version 17
VisualStudioVersion = 17.4.33213.308
MinimumVisualStudioVersion = 10.0.40219.1
Project("{FAE04EC0-301F-11D3-BF4B-00C04F79EFBC}") = "PictureViewer", "PictureViewer\PictureViewer.csproj", "{A576D2C8-DF87-4776-9571-97AF207AC5CB}"
EndProject
Global
	GlobalSection(SolutionConfigurationPlatforms) = preSolution
		Debug|Any CPU = Debug|Any CPU
		Release|Any CPU = Release|Any CPU
	EndGlobalSection
	GlobalSection(ProjectConfigurationPlatforms) = postSolution
		{A576D2C8-DF87-4776-9571-97AF207AC5CB}.Debug|Any CPU.ActiveCfg = Debug|Any CPU
		{A576D2C8-DF87-4776-9571-97AF207AC5CB}.Debug|Any CPU.Build.0 = Debug|Any CPU
		{A576D2C8-DF87-4776-9571-97AF207AC5CB}.Release|Any CPU.ActiveCfg = Release|Any CPU
		{A576D2C8-DF87-4776-9571-97AF207AC5CB}.Release|Any CPU.Build.0 = Release|Any CPU
	EndGlobalSection
	GlobalSection(SolutionProperties) = preSolution
		HideSolutionNode = FALSE
	EndGlobalSection
	GlobalSection(ExtensibilityGlobals) = postSolution
		SolutionGuid = {D0CE5736-0F63-4457-A6C4-E0ED0DC1FB92}
	EndGlobalSection
EndGlobal
